
Microsoft Visual Studio Solution File, Format Version 12.00
# Visual Studio 2017
Project("{FAE04EC0-301F-11D3-BF4B-00C04F79EFBC}") = "rpg-te16", "rpg-te16.csproj", "{97E3A822-A0C0-6683-BD79-9559687CF770}"
EndProject
Project("{FAE04EC0-301F-11D3-BF4B-00C04F79EFBC}") = "rpg-te16.Editor", "rpg-te16.Editor.csproj", "{76321A28-3A74-41D9-DB96-B8E561B0737C}"
EndProject
Global
	GlobalSection(SolutionConfigurationPlatforms) = preSolution
		Debug|Any CPU = Debug|Any CPU
		Release|Any CPU = Release|Any CPU
	EndGlobalSection
	GlobalSection(ProjectConfigurationPlatforms) = postSolution
		{97E3A822-A0C0-6683-BD79-9559687CF770}.Debug|Any CPU.ActiveCfg = Debug|Any CPU
		{97E3A822-A0C0-6683-BD79-9559687CF770}.Debug|Any CPU.Build.0 = Debug|Any CPU
		{97E3A822-A0C0-6683-BD79-9559687CF770}.Release|Any CPU.ActiveCfg = Release|Any CPU
		{97E3A822-A0C0-6683-BD79-9559687CF770}.Release|Any CPU.Build.0 = Release|Any CPU
		{76321A28-3A74-41D9-DB96-B8E561B0737C}.Debug|Any CPU.ActiveCfg = Debug|Any CPU
		{76321A28-3A74-41D9-DB96-B8E561B0737C}.Debug|Any CPU.Build.0 = Debug|Any CPU
		{76321A28-3A74-41D9-DB96-B8E561B0737C}.Release|Any CPU.ActiveCfg = Release|Any CPU
		{76321A28-3A74-41D9-DB96-B8E561B0737C}.Release|Any CPU.Build.0 = Release|Any CPU
	EndGlobalSection
	GlobalSection(SolutionProperties) = preSolution
		HideSolutionNode = FALSE
	EndGlobalSection
EndGlobal
